Microsoft Visual Studio Solution File, Format Version 12.00
# Visual Studio Version 17
VisualStudioVersion = 17.7.34024.191
MinimumVisualStudioVersion = 10.0.40219.1
Project("{9A19103F-16F7-4668-BE54-9A1E7A4F7556}") = "Lesson_1_Random", "Lesson_1_Random\Lesson_1_Random.csproj", "{DA1C504D-94A4-49F4-832D-B3986DD34F6C}"
EndProject
Project("{9A19103F-16F7-4668-BE54-9A1E7A4F7556}") = "Lesson_2_CountOfVowels", "Lesson_2_CountOfVowels\Lesson_2_CountOfVowels.csproj", "{B0BD2A9A-BFB4-4ED3-A6CF-528709CCE488}"
EndProject
Project("{9A19103F-16F7-4668-BE54-9A1E7A4F7556}") = "Lesson_3_Matrixs", "Lesson_3_Matrix\Lesson_3_Matrixs.csproj", "{356C5793-24F3-436B-A070-D02ADAA45EA3}"
EndProject
Project("{9A19103F-16F7-4668-BE54-9A1E7A4F7556}") = "Lesson_4_Exceptions", "Lesson_4_Exceptions\Lesson_4_Exceptions.csproj", "{B8F842F8-C46C-4753-8D98-49D6AF415E4A}"
EndProject
Project("{9A19103F-16F7-4668-BE54-9A1E7A4F7556}") = "Lesson_5_Linq", "Lesson_5_Linq\Lesson_5_Linq.csproj", "{9309D6D5-65AC-4C0B-920A-AC8B319ABEE3}"
EndProject
Project("{9A19103F-16F7-4668-BE54-9A1E7A4F7556}") = "Lesson_6_LinkedList", "Lesson_6_LinkedList\Lesson_6_LinkedList.csproj", "{2DC2603C-3657-4040-B152-13F2EA86AB5A}"
EndProject
Project("{9A19103F-16F7-4668-BE54-9A1E7A4F7556}") = "Lesson_7_DirectoryAndThreads", "Lesson_7_DirectoryAndThreads\Lesson_7_DirectoryAndThreads.csproj", "{112832B7-1B9F-4EA2-A18C-3DE6C2A602D0}"
EndProject
Project("{9A19103F-16F7-4668-BE54-9A1E7A4F7556}") = "Lesson_8_AsyncWeatherChecker", "Lesson_8_AsyncWeatherChecker\Lesson_8_AsyncWeatherChecker.csproj", "{A3285D8E-26C7-4CB6-8F2F-8F18B0C5F37A}"
EndProject
Project("{9A19103F-16F7-4668-BE54-9A1E7A4F7556}") = "Lesson_9_SortAlgorithm", "Lesson_9_SortAlgorithm\Lesson_9_SortAlgorithm.csproj", "{B537C3D7-4C71-44F8-8445-24E70DDE82C4}"
EndProject
Project("{9A19103F-16F7-4668-BE54-9A1E7A4F7556}") = "Lesson_10_TimeZoneServer", "WebAssignments\Lesson_10_TimeZoneServer.csproj", "{D97C7FD4-A19C-4B44-B2BC-B27B86934844}"
EndProject
Global
	GlobalSection(SolutionConfigurationPlatforms) = preSolution
		Debug|Any CPU = Debug|Any CPU
		Release|Any CPU = Release|Any CPU
	EndGlobalSection
	GlobalSection(ProjectConfigurationPlatforms) = postSolution
		{DA1C504D-94A4-49F4-832D-B3986DD34F6C}.Debug|Any CPU.ActiveCfg = Debug|Any CPU
		{DA1C504D-94A4-49F4-832D-B3986DD34F6C}.Debug|Any CPU.Build.0 = Debug|Any CPU
		{DA1C504D-94A4-49F4-832D-B3986DD34F6C}.Release|Any CPU.ActiveCfg = Release|Any CPU
		{DA1C504D-94A4-49F4-832D-B3986DD34F6C}.Release|Any CPU.Build.0 = Release|Any CPU
		{B0BD2A9A-BFB4-4ED3-A6CF-528709CCE488}.Debug|Any CPU.ActiveCfg = Debug|Any CPU
		{B0BD2A9A-BFB4-4ED3-A6CF-528709CCE488}.Debug|Any CPU.Build.0 = Debug|Any CPU
		{B0BD2A9A-BFB4-4ED3-A6CF-528709CCE488}.Release|Any CPU.ActiveCfg = Release|Any CPU
		{B0BD2A9A-BFB4-4ED3-A6CF-528709CCE488}.Release|Any CPU.Build.0 = Release|Any CPU
		{356C5793-24F3-436B-A070-D02ADAA45EA3}.Debug|Any CPU.ActiveCfg = Debug|Any CPU
		{356C5793-24F3-436B-A070-D02ADAA45EA3}.Debug|Any CPU.Build.0 = Debug|Any CPU
		{356C5793-24F3-436B-A070-D02ADAA45EA3}.Release|Any CPU.ActiveCfg = Release|Any CPU
		{356C5793-24F3-436B-A070-D02ADAA45EA3}.Release|Any CPU.Build.0 = Release|Any CPU
		{B8F842F8-C46C-4753-8D98-49D6AF415E4A}.Debug|Any CPU.ActiveCfg = Debug|Any CPU
		{B8F842F8-C46C-4753-8D98-49D6AF415E4A}.Debug|Any CPU.Build.0 = Debug|Any CPU
		{B8F842F8-C46C-4753-8D98-49D6AF415E4A}.Release|Any CPU.ActiveCfg = Release|Any CPU
		{B8F842F8-C46C-4753-8D98-49D6AF415E4A}.Release|Any CPU.Build.0 = Release|Any CPU
		{9309D6D5-65AC-4C0B-920A-AC8B319ABEE3}.Debug|Any CPU.ActiveCfg = Debug|Any CPU
		{9309D6D5-65AC-4C0B-920A-AC8B319ABEE3}.Debug|Any CPU.Build.0 = Debug|Any CPU
		{9309D6D5-65AC-4C0B-920A-AC8B319ABEE3}.Release|Any CPU.ActiveCfg = Release|Any CPU
		{9309D6D5-65AC-4C0B-920A-AC8B319ABEE3}.Release|Any CPU.Build.0 = Release|Any CPU
		{2DC2603C-3657-4040-B152-13F2EA86AB5A}.Debug|Any CPU.ActiveCfg = Debug|Any CPU
		{2DC2603C-3657-4040-B152-13F2EA86AB5A}.Debug|Any CPU.Build.0 = Debug|Any CPU
		{2DC2603C-3657-4040-B152-13F2EA86AB5A}.Release|Any CPU.ActiveCfg = Release|Any CPU
		{2DC2603C-3657-4040-B152-13F2EA86AB5A}.Release|Any CPU.Build.0 = Release|Any CPU
		{112832B7-1B9F-4EA2-A18C-3DE6C2A602D0}.Debug|Any CPU.ActiveCfg = Debug|Any CPU
		{112832B7-1B9F-4EA2-A18C-3DE6C2A602D0}.Debug|Any CPU.Build.0 = Debug|Any CPU
		{112832B7-1B9F-4EA2-A18C-3DE6C2A602D0}.Release|Any CPU.ActiveCfg = Release|Any CPU
		{112832B7-1B9F-4EA2-A18C-3DE6C2A602D0}.Release|Any CPU.Build.0 = Release|Any CPU
		{A3285D8E-26C7-4CB6-8F2F-8F18B0C5F37A}.Debug|Any CPU.ActiveCfg = Debug|Any CPU
		{A3285D8E-26C7-4CB6-8F2F-8F18B0C5F37A}.Debug|Any CPU.Build.0 = Debug|Any CPU
		{A3285D8E-26C7-4CB6-8F2F-8F18B0C5F37A}.Release|Any CPU.ActiveCfg = Release|Any CPU
		{A3285D8E-26C7-4CB6-8F2F-8F18B0C5F37A}.Release|Any CPU.Build.0 = Release|Any CPU
		{B537C3D7-4C71-44F8-8445-24E70DDE82C4}.Debug|Any CPU.ActiveCfg = Debug|Any CPU
		{B537C3D7-4C71-44F8-8445-24E70DDE82C4}.Debug|Any CPU.Build.0 = Debug|Any CPU
		{B537C3D7-4C71-44F8-8445-24E70DDE82C4}.Release|Any CPU.ActiveCfg = Release|Any CPU
		{B537C3D7-4C71-44F8-8445-24E70DDE82C4}.Release|Any CPU.Build.0 = Release|Any CPU
		{D97C7FD4-A19C-4B44-B2BC-B27B86934844}.Debug|Any CPU.ActiveCfg = Debug|Any CPU
		{D97C7FD4-A19C-4B44-B2BC-B27B86934844}.Debug|Any CPU.Build.0 = Debug|Any CPU
		{D97C7FD4-A19C-4B44-B2BC-B27B86934844}.Release|Any CPU.ActiveCfg = Release|Any CPU
		{D97C7FD4-A19C-4B44-B2BC-B27B86934844}.Release|Any CPU.Build.0 = Release|Any CPU
	EndGlobalSection
	GlobalSection(SolutionProperties) = preSolution
		HideSolutionNode = FALSE
	EndGlobalSection
EndGlobal
